
Microsoft Visual Studio Solution File, Format Version 12.00
# Visual Studio Version 17
VisualStudioVersion = 17.6.33723.286
MinimumVisualStudioVersion = 10.0.40219.1
Project("{FAE04EC0-301F-11D3-BF4B-00C04F79EFBC}") = "MauiLibTestLib_ConverterIssue", "MauiLibTestLib_ConverterIssue\MauiLibTestLib_ConverterIssue.csproj", "{624AC722-114F-4ACD-BAB5-E1618657B0B9}"
EndProject
Global
	GlobalSection(SolutionConfigurationPlatforms) = preSolution
		Debug|Any CPU = Debug|Any CPU
		Release|Any CPU = Release|Any CPU
	EndGlobalSection
	GlobalSection(ProjectConfigurationPlatforms) = postSolution
		{624AC722-114F-4ACD-BAB5-E1618657B0B9}.Debug|Any CPU.ActiveCfg = Debug|Any CPU
		{624AC722-114F-4ACD-BAB5-E1618657B0B9}.Debug|Any CPU.Build.0 = Debug|Any CPU
		{624AC722-114F-4ACD-BAB5-E1618657B0B9}.Release|Any CPU.ActiveCfg = Release|Any CPU
		{624AC722-114F-4ACD-BAB5-E1618657B0B9}.Release|Any CPU.Build.0 = Release|Any CPU
	EndGlobalSection
	GlobalSection(SolutionProperties) = preSolution
		HideSolutionNode = FALSE
	EndGlobalSection
	GlobalSection(ExtensibilityGlobals) = postSolution
		SolutionGuid = {5940F207-4E27-4E0F-AB0B-4D7E1CD61411}
	EndGlobalSection
EndGlobal
